// !$*UTF8*$!
{
	archiveVersion = 1;
	classes = {
	};
	objectVersion = 55;
	objects = {

/* Begin PBXBuildFile section */
		67B469AE27E398D900D645EC /* Pods_ActorCapture.framework in Frameworks */ = {isa = PBXBuildFile; fileRef = 7CC04931B9A39861D2BCCC77 /* Pods_ActorCapture.framework */; };
		819315A027E048CA00A30DE1 /* ImagePicker.swift in Sources */ = {isa = PBXBuildFile; fileRef = 8193159F27E048CA00A30DE1 /* ImagePicker.swift */; };
		819315A227E0F3E000A30DE1 /* Capture.swift in Sources */ = {isa = PBXBuildFile; fileRef = 819315A127E0F3E000A30DE1 /* Capture.swift */; };
		81CCFBE727DD480F00BF9383 /* Assets.xcassets in Resources */ = {isa = PBXBuildFile; fileRef = 81CCFBE627DD480F00BF9383 /* Assets.xcassets */; };
		81CCFBEA27DD480F00BF9383 /* Preview Assets.xcassets in Resources */ = {isa = PBXBuildFile; fileRef = 81CCFBE927DD480F00BF9383 /* Preview Assets.xcassets */; };
		81CCFBF127DD4CD500BF9383 /* Backend.swift in Sources */ = {isa = PBXBuildFile; fileRef = 81CCFBF027DD4CD500BF9383 /* Backend.swift */; };
		81CCFBF327DD4D2900BF9383 /* Structs.swift in Sources */ = {isa = PBXBuildFile; fileRef = 81CCFBF227DD4D2900BF9383 /* Structs.swift */; };
		81CCFBF527DD4F0200BF9383 /* ListRows.swift in Sources */ = {isa = PBXBuildFile; fileRef = 81CCFBF427DD4F0200BF9383 /* ListRows.swift */; };
		81CCFBF727DD4FA000BF9383 /* History.swift in Sources */ = {isa = PBXBuildFile; fileRef = 81CCFBF627DD4FA000BF9383 /* History.swift */; };
		81CCFBF927DD4FAC00BF9383 /* WatchList.swift in Sources */ = {isa = PBXBuildFile; fileRef = 81CCFBF827DD4FAC00BF9383 /* WatchList.swift */; };
		81CCFBFB27DD4FCA00BF9383 /* Actor.swift in Sources */ = {isa = PBXBuildFile; fileRef = 81CCFBFA27DD4FCA00BF9383 /* Actor.swift */; };
		81CCFBFD27DD4FE900BF9383 /* MenuBars.swift in Sources */ = {isa = PBXBuildFile; fileRef = 81CCFBFC27DD4FE900BF9383 /* MenuBars.swift */; };
		AAFBCED427DE373B0086625A /* ActorCaptureApp.swift in Sources */ = {isa = PBXBuildFile; fileRef = AAFBCED327DE373B0086625A /* ActorCaptureApp.swift */; };
/* End PBXBuildFile section */

/* Begin PBXFileReference section */
		3CDF83B6009E3910858D0930 /* Pods-ActorCapture.release.xcconfig */ = {isa = PBXFileReference; includeInIndex = 1; lastKnownFileType = text.xcconfig; name = "Pods-ActorCapture.release.xcconfig"; path = "Target Support Files/Pods-ActorCapture/Pods-ActorCapture.release.xcconfig"; sourceTree = "<group>"; };
		7CC04931B9A39861D2BCCC77 /* Pods_ActorCapture.framework */ = {isa = PBXFileReference; explicitFileType = wrapper.framework; includeInIndex = 0; path = Pods_ActorCapture.framework; sourceTree = BUILT_PRODUCTS_DIR; };
		8193159F27E048CA00A30DE1 /* ImagePicker.swift */ = {isa = PBXFileReference; lastKnownFileType = sourcecode.swift; path = ImagePicker.swift; sourceTree = "<group>"; };
		819315A127E0F3E000A30DE1 /* Capture.swift */ = {isa = PBXFileReference; lastKnownFileType = sourcecode.swift; path = Capture.swift; sourceTree = "<group>"; };
		819315A327E114E900A30DE1 /* Info.plist */ = {isa = PBXFileReference; lastKnownFileType = text.plist; path = Info.plist; sourceTree = "<group>"; };
		81CCFBDF27DD480D00BF9383 /* ActorCapture.app */ = {isa = PBXFileReference; explicitFileType = wrapper.application; includeInIndex = 0; path = ActorCapture.app; sourceTree = BUILT_PRODUCTS_DIR; };
		81CCFBE627DD480F00BF9383 /* Assets.xcassets */ = {isa = PBXFileReference; lastKnownFileType = folder.assetcatalog; path = Assets.xcassets; sourceTree = "<group>"; };
		81CCFBE927DD480F00BF9383 /* Preview Assets.xcassets */ = {isa = PBXFileReference; lastKnownFileType = folder.assetcatalog; path = "Preview Assets.xcassets"; sourceTree = "<group>"; };
		81CCFBF027DD4CD500BF9383 /* Backend.swift */ = {isa = PBXFileReference; lastKnownFileType = sourcecode.swift; path = Backend.swift; sourceTree = "<group>"; };
		81CCFBF227DD4D2900BF9383 /* Structs.swift */ = {isa = PBXFileReference; lastKnownFileType = sourcecode.swift; path = Structs.swift; sourceTree = "<group>"; };
		81CCFBF427DD4F0200BF9383 /* ListRows.swift */ = {isa = PBXFileReference; lastKnownFileType = sourcecode.swift; path = ListRows.swift; sourceTree = "<group>"; };
		81CCFBF627DD4FA000BF9383 /* History.swift */ = {isa = PBXFileReference; lastKnownFileType = sourcecode.swift; path = History.swift; sourceTree = "<group>"; };
		81CCFBF827DD4FAC00BF9383 /* WatchList.swift */ = {isa = PBXFileReference; lastKnownFileType = sourcecode.swift; path = WatchList.swift; sourceTree = "<group>"; };
		81CCFBFA27DD4FCA00BF9383 /* Actor.swift */ = {isa = PBXFileReference; lastKnownFileType = sourcecode.swift; path = Actor.swift; sourceTree = "<group>"; };
		81CCFBFC27DD4FE900BF9383 /* MenuBars.swift */ = {isa = PBXFileReference; lastKnownFileType = sourcecode.swift; path = MenuBars.swift; sourceTree = "<group>"; };
		AAFBCED327DE373B0086625A /* ActorCaptureApp.swift */ = {isa = PBXFileReference; lastKnownFileType = sourcecode.swift; path = ActorCaptureApp.swift; sourceTree = "<group>"; };
		CDF160E859AF2B97A55553A3 /* Pods-ActorCapture.debug.xcconfig */ = {isa = PBXFileReference; includeInIndex = 1; lastKnownFileType = text.xcconfig; name = "Pods-ActorCapture.debug.xcconfig"; path = "Target Support Files/Pods-ActorCapture/Pods-ActorCapture.debug.xcconfig"; sourceTree = "<group>"; };
/* End PBXFileReference section */

/* Begin PBXFrameworksBuildPhase section */
		81CCFBDC27DD480D00BF9383 /* Frameworks */ = {
			isa = PBXFrameworksBuildPhase;
			buildActionMask = 2147483647;
			files = (
				67B469AE27E398D900D645EC /* Pods_ActorCapture.framework in Frameworks */,
			);
			runOnlyForDeploymentPostprocessing = 0;
		};
/* End PBXFrameworksBuildPhase section */

/* Begin PBXGroup section */
		0A49D3CE3B07C56573EC0F9E /* Pods */ = {
			isa = PBXGroup;
			children = (
				CDF160E859AF2B97A55553A3 /* Pods-ActorCapture.debug.xcconfig */,
				3CDF83B6009E3910858D0930 /* Pods-ActorCapture.release.xcconfig */,
			);
			path = Pods;
			sourceTree = "<group>";
		};
		3B3F905F789DF126CE074C9A /* Frameworks */ = {
			isa = PBXGroup;
			children = (
				7CC04931B9A39861D2BCCC77 /* Pods_ActorCapture.framework */,
			);
			name = Frameworks;
			sourceTree = "<group>";
		};
		81CCFBD627DD480D00BF9383 = {
			isa = PBXGroup;
			children = (
				81CCFBE127DD480D00BF9383 /* ActorCapture */,
				81CCFBE027DD480D00BF9383 /* Products */,
				0A49D3CE3B07C56573EC0F9E /* Pods */,
				3B3F905F789DF126CE074C9A /* Frameworks */,
			);
			sourceTree = "<group>";
		};
		81CCFBE027DD480D00BF9383 /* Products */ = {
			isa = PBXGroup;
			children = (
				81CCFBDF27DD480D00BF9383 /* ActorCapture.app */,
			);
			name = Products;
			sourceTree = "<group>";
		};
		81CCFBE127DD480D00BF9383 /* ActorCapture */ = {
			isa = PBXGroup;
			children = (
				819315A327E114E900A30DE1 /* Info.plist */,
				81CCFBE627DD480F00BF9383 /* Assets.xcassets */,
				81CCFBE827DD480F00BF9383 /* Preview Content */,
				81CCFBF027DD4CD500BF9383 /* Backend.swift */,
				81CCFBF227DD4D2900BF9383 /* Structs.swift */,
				81CCFBF427DD4F0200BF9383 /* ListRows.swift */,
				81CCFBF627DD4FA000BF9383 /* History.swift */,
				81CCFBF827DD4FAC00BF9383 /* WatchList.swift */,
				81CCFBFA27DD4FCA00BF9383 /* Actor.swift */,
				AAFBCED327DE373B0086625A /* ActorCaptureApp.swift */,
				8193159F27E048CA00A30DE1 /* ImagePicker.swift */,
				81CCFBFC27DD4FE900BF9383 /* MenuBars.swift */,
				819315A127E0F3E000A30DE1 /* Capture.swift */,
			);
			path = ActorCapture;
			sourceTree = "<group>";
		};
		81CCFBE827DD480F00BF9383 /* Preview Content */ = {
			isa = PBXGroup;
			children = (
				81CCFBE927DD480F00BF9383 /* Preview Assets.xcassets */,
			);
			path = "Preview Content";
			sourceTree = "<group>";
		};
/* End PBXGroup section */

/* Begin PBXNativeTarget section */
		81CCFBDE27DD480D00BF9383 /* ActorCapture */ = {
			isa = PBXNativeTarget;
			buildConfigurationList = 81CCFBED27DD480F00BF9383 /* Build configuration list for PBXNativeTarget "ActorCapture" */;
			buildPhases = (
				AD104733D8BBF36AD9DADAB6 /* [CP] Check Pods Manifest.lock */,
				81CCFBDB27DD480D00BF9383 /* Sources */,
				81CCFBDC27DD480D00BF9383 /* Frameworks */,
				81CCFBDD27DD480D00BF9383 /* Resources */,
				4A4B6741D429DFC6977BDFD4 /* [CP] Embed Pods Frameworks */,
			);
			buildRules = (
			);
			dependencies = (
			);
			name = ActorCapture;
			productName = ActorCapture;
			productReference = 81CCFBDF27DD480D00BF9383 /* ActorCapture.app */;
			productType = "com.apple.product-type.application";
		};
/* End PBXNativeTarget section */

/* Begin PBXProject section */
		81CCFBD727DD480D00BF9383 /* Project object */ = {
			isa = PBXProject;
			attributes = {
				BuildIndependentTargetsInParallel = 1;
				LastSwiftUpdateCheck = 1320;
				LastUpgradeCheck = 1320;
				TargetAttributes = {
					81CCFBDE27DD480D00BF9383 = {
						CreatedOnToolsVersion = 13.2.1;
					};
				};
			};
			buildConfigurationList = 81CCFBDA27DD480D00BF9383 /* Build configuration list for PBXProject "ActorCapture" */;
			compatibilityVersion = "Xcode 13.0";
			developmentRegion = en;
			hasScannedForEncodings = 0;
			knownRegions = (
				en,
				Base,
			);
			mainGroup = 81CCFBD627DD480D00BF9383;
			productRefGroup = 81CCFBE027DD480D00BF9383 /* Products */;
			projectDirPath = "";
			projectRoot = "";
			targets = (
				81CCFBDE27DD480D00BF9383 /* ActorCapture */,
			);
		};
/* End PBXProject section */

/* Begin PBXResourcesBuildPhase section */
		81CCFBDD27DD480D00BF9383 /* Resources */ = {
			isa = PBXResourcesBuildPhase;
			buildActionMask = 2147483647;
			files = (
				81CCFBEA27DD480F00BF9383 /* Preview Assets.xcassets in Resources */,
				81CCFBE727DD480F00BF9383 /* Assets.xcassets in Resources */,
			);
			runOnlyForDeploymentPostprocessing = 0;
		};
/* End PBXResourcesBuildPhase section */

/* Begin PBXShellScriptBuildPhase section */
		4A4B6741D429DFC6977BDFD4 /* [CP] Embed Pods Frameworks */ = {
			isa = PBXShellScriptBuildPhase;
			buildActionMask = 2147483647;
			files = (
			);
			inputFileListPaths = (
				"${PODS_ROOT}/Target Support Files/Pods-ActorCapture/Pods-ActorCapture-frameworks-${CONFIGURATION}-input-files.xcfilelist",
			);
			name = "[CP] Embed Pods Frameworks";
			outputFileListPaths = (
				"${PODS_ROOT}/Target Support Files/Pods-ActorCapture/Pods-ActorCapture-frameworks-${CONFIGURATION}-output-files.xcfilelist",
			);
			runOnlyForDeploymentPostprocessing = 0;
			shellPath = /bin/sh;
			shellScript = "\"${PODS_ROOT}/Target Support Files/Pods-ActorCapture/Pods-ActorCapture-frameworks.sh\"\n";
			showEnvVarsInLog = 0;
		};
		AD104733D8BBF36AD9DADAB6 /* [CP] Check Pods Manifest.lock */ = {
			isa = PBXShellScriptBuildPhase;
			buildActionMask = 2147483647;
			files = (
			);
			inputFileListPaths = (
			);
			inputPaths = (
				"${PODS_PODFILE_DIR_PATH}/Podfile.lock",
				"${PODS_ROOT}/Manifest.lock",
			);
			name = "[CP] Check Pods Manifest.lock";
			outputFileListPaths = (
			);
			outputPaths = (
				"$(DERIVED_FILE_DIR)/Pods-ActorCapture-checkManifestLockResult.txt",
			);
			runOnlyForDeploymentPostprocessing = 0;
			shellPath = /bin/sh;
			shellScript = "diff \"${PODS_PODFILE_DIR_PATH}/Podfile.lock\" \"${PODS_ROOT}/Manifest.lock\" > /dev/null\nif [ $? != 0 ] ; then\n    # print error to STDERR\n    echo \"error: The sandbox is not in sync with the Podfile.lock. Run 'pod install' or update your CocoaPods installation.\" >&2\n    exit 1\nfi\n# This output is used by Xcode 'outputs' to avoid re-running this script phase.\necho \"SUCCESS\" > \"${SCRIPT_OUTPUT_FILE_0}\"\n";
			showEnvVarsInLog = 0;
		};
/* End PBXShellScriptBuildPhase section */

/* Begin PBXSourcesBuildPhase section */
		81CCFBDB27DD480D00BF9383 /* Sources */ = {
			isa = PBXSourcesBuildPhase;
			buildActionMask = 2147483647;
			files = (
				81CCFBF527DD4F0200BF9383 /* ListRows.swift in Sources */,
				81CCFBF327DD4D2900BF9383 /* Structs.swift in Sources */,
				81CCFBFB27DD4FCA00BF9383 /* Actor.swift in Sources */,
				819315A027E048CA00A30DE1 /* ImagePicker.swift in Sources */,
				AAFBCED427DE373B0086625A /* ActorCaptureApp.swift in Sources */,
				81CCFBF127DD4CD500BF9383 /* Backend.swift in Sources */,
				81CCFBF727DD4FA000BF9383 /* History.swift in Sources */,
				81CCFBFD27DD4FE900BF9383 /* MenuBars.swift in Sources */,
				819315A227E0F3E000A30DE1 /* Capture.swift in Sources */,
				81CCFBF927DD4FAC00BF9383 /* WatchList.swift in Sources */,
			);
			runOnlyForDeploymentPostprocessing = 0;
		};
/* End PBXSourcesBuildPhase section */

/* Begin XCBuildConfiguration section */
		81CCFBEB27DD480F00BF9383 /* Debug */ = {
			isa = XCBuildConfiguration;
			buildSettings = {
				ALWAYS_SEARCH_USER_PATHS = NO;
				CLANG_ANALYZER_NONNULL = YES;
				CLANG_ANALYZER_NUMBER_OBJECT_CONVERSION = YES_AGGRESSIVE;
				CLANG_CXX_LANGUAGE_STANDARD = "gnu++17";
				CLANG_CXX_LIBRARY = "libc++";
				CLANG_ENABLE_MODULES = YES;
				CLANG_ENABLE_OBJC_ARC = YES;
				CLANG_ENABLE_OBJC_WEAK = YES;
				CLANG_WARN_BLOCK_CAPTURE_AUTORELEASING = YES;
				CLANG_WARN_BOOL_CONVERSION = YES;
				CLANG_WARN_COMMA = YES;
				CLANG_WARN_CONSTANT_CONVERSION = YES;
				CLANG_WARN_DEPRECATED_OBJC_IMPLEMENTATIONS = YES;
				CLANG_WARN_DIRECT_OBJC_ISA_USAGE = YES_ERROR;
				CLANG_WARN_DOCUMENTATION_COMMENTS = YES;
				CLANG_WARN_EMPTY_BODY = YES;
				CLANG_WARN_ENUM_CONVERSION = YES;
				CLANG_WARN_INFINITE_RECURSION = YES;
				CLANG_WARN_INT_CONVERSION = YES;
				CLANG_WARN_NON_LITERAL_NULL_CONVERSION = YES;
				CLANG_WARN_OBJC_IMPLICIT_RETAIN_SELF = YES;
				CLANG_WARN_OBJC_LITERAL_CONVERSION = YES;
				CLANG_WARN_OBJC_ROOT_CLASS = YES_ERROR;
				CLANG_WARN_QUOTED_INCLUDE_IN_FRAMEWORK_HEADER = YES;
				CLANG_WARN_RANGE_LOOP_ANALYSIS = YES;
				CLANG_WARN_STRICT_PROTOTYPES = YES;
				CLANG_WARN_SUSPICIOUS_MOVE = YES;
				CLANG_WARN_UNGUARDED_AVAILABILITY = YES_AGGRESSIVE;
				CLANG_WARN_UNREACHABLE_CODE = YES;
				CLANG_WARN__DUPLICATE_METHOD_MATCH = YES;
				COPY_PHASE_STRIP = NO;
				DEBUG_INFORMATION_FORMAT = dwarf;
				ENABLE_STRICT_OBJC_MSGSEND = YES;
				ENABLE_TESTABILITY = YES;
				GCC_C_LANGUAGE_STANDARD = gnu11;
				GCC_DYNAMIC_NO_PIC = NO;
				GCC_NO_COMMON_BLOCKS = YES;
				GCC_OPTIMIZATION_LEVEL = 0;
				GCC_PREPROCESSOR_DEFINITIONS = (
					"DEBUG=1",
					"$(inherited)",
				);
				GCC_WARN_64_TO_32_BIT_CONVERSION = YES;
				GCC_WARN_ABOUT_RETURN_TYPE = YES_ERROR;
				GCC_WARN_UNDECLARED_SELECTOR = YES;
				GCC_WARN_UNINITIALIZED_AUTOS = YES_AGGRESSIVE;
				GCC_WARN_UNUSED_FUNCTION = YES;
				GCC_WARN_UNUSED_VARIABLE = YES;
				IPHONEOS_DEPLOYMENT_TARGET = 15.2;
				MTL_ENABLE_DEBUG_INFO = INCLUDE_SOURCE;
				MTL_FAST_MATH = YES;
				ONLY_ACTIVE_ARCH = YES;
				SDKROOT = iphoneos;
				SWIFT_ACTIVE_COMPILATION_CONDITIONS = DEBUG;
				SWIFT_OPTIMIZATION_LEVEL = "-Onone";
			};
			name = Debug;
		};
		81CCFBEC27DD480F00BF9383 /* Release */ = {
			isa = XCBuildConfiguration;
			buildSettings = {
				ALWAYS_SEARCH_USER_PATHS = NO;
				CLANG_ANALYZER_NONNULL = YES;
				CLANG_ANALYZER_NUMBER_OBJECT_CONVERSION = YES_AGGRESSIVE;
				CLANG_CXX_LANGUAGE_STANDARD = "gnu++17";
				CLANG_CXX_LIBRARY = "libc++";
				CLANG_ENABLE_MODULES = YES;
				CLANG_ENABLE_OBJC_ARC = YES;
				CLANG_ENABLE_OBJC_WEAK = YES;
				CLANG_WARN_BLOCK_CAPTURE_AUTORELEASING = YES;
				CLANG_WARN_BOOL_CONVERSION = YES;
				CLANG_WARN_COMMA = YES;
				CLANG_WARN_CONSTANT_CONVERSION = YES;
				CLANG_WARN_DEPRECATED_OBJC_IMPLEMENTATIONS = YES;
				CLANG_WARN_DIRECT_OBJC_ISA_USAGE = YES_ERROR;
				CLANG_WARN_DOCUMENTATION_COMMENTS = YES;
				CLANG_WARN_EMPTY_BODY = YES;
				CLANG_WARN_ENUM_CONVERSION = YES;
				CLANG_WARN_INFINITE_RECURSION = YES;
				CLANG_WARN_INT_CONVERSION = YES;
				CLANG_WARN_NON_LITERAL_NULL_CONVERSION = YES;
				CLANG_WARN_OBJC_IMPLICIT_RETAIN_SELF = YES;
				CLANG_WARN_OBJC_LITERAL_CONVERSION = YES;
				CLANG_WARN_OBJC_ROOT_CLASS = YES_ERROR;
				CLANG_WARN_QUOTED_INCLUDE_IN_FRAMEWORK_HEADER = YES;
				CLANG_WARN_RANGE_LOOP_ANALYSIS = YES;
				CLANG_WARN_STRICT_PROTOTYPES = YES;
				CLANG_WARN_SUSPICIOUS_MOVE = YES;
				CLANG_WARN_UNGUARDED_AVAILABILITY = YES_AGGRESSIVE;
				CLANG_WARN_UNREACHABLE_CODE = YES;
				CLANG_WARN__DUPLICATE_METHOD_MATCH = YES;
				COPY_PHASE_STRIP = NO;
				DEBUG_INFORMATION_FORMAT = "dwarf-with-dsym";
				ENABLE_NS_ASSERTIONS = NO;
				ENABLE_STRICT_OBJC_MSGSEND = YES;
				GCC_C_LANGUAGE_STANDARD = gnu11;
				GCC_NO_COMMON_BLOCKS = YES;
				GCC_WARN_64_TO_32_BIT_CONVERSION = YES;
				GCC_WARN_ABOUT_RETURN_TYPE = YES_ERROR;
				GCC_WARN_UNDECLARED_SELECTOR = YES;
				GCC_WARN_UNINITIALIZED_AUTOS = YES_AGGRESSIVE;
				GCC_WARN_UNUSED_FUNCTION = YES;
				GCC_WARN_UNUSED_VARIABLE = YES;
				IPHONEOS_DEPLOYMENT_TARGET = 15.2;
				MTL_ENABLE_DEBUG_INFO = NO;
				MTL_FAST_MATH = YES;
				SDKROOT = iphoneos;
				SWIFT_COMPILATION_MODE = wholemodule;
				SWIFT_OPTIMIZATION_LEVEL = "-O";
				VALIDATE_PRODUCT = YES;
			};
			name = Release;
		};
		81CCFBEE27DD480F00BF9383 /* Debug */ = {
			isa = XCBuildConfiguration;
			baseConfigurationReference = CDF160E859AF2B97A55553A3 /* Pods-ActorCapture.debug.xcconfig */;
			buildSettings = {
				ASSETCATALOG_COMPILER_APPICON_NAME = AppIcon;
				ASSETCATALOG_COMPILER_GLOBAL_ACCENT_COLOR_NAME = AccentColor;
				CODE_SIGN_IDENTITY = "Apple Development";
				CODE_SIGN_STYLE = Automatic;
				CURRENT_PROJECT_VERSION = 1;
				DEVELOPMENT_ASSET_PATHS = "\"ActorCapture/Preview Content\"";
				DEVELOPMENT_TEAM = 8DG9KS99YT;
				ENABLE_PREVIEWS = YES;
				GENERATE_INFOPLIST_FILE = YES;
				INFOPLIST_FILE = ActorCapture/Info.plist;
				INFOPLIST_KEY_NSCameraUsageDescription = "ActorCapture wants to use the camera";
				INFOPLIST_KEY_UIApplicationSceneManifest_Generation = YES;
				INFOPLIST_KEY_UIApplicationSupportsIndirectInputEvents = YES;
				INFOPLIST_KEY_UILaunchScreen_Generation = YES;
				INFOPLIST_KEY_UISupportedInterfaceOrientations_iPad = "UIInterfaceOrientationPortrait UIInterfaceOrientationPortraitUpsideDown UIInterfaceOrientationLandscapeLeft UIInterfaceOrientationLandscapeRight";
				INFOPLIST_KEY_UISupportedInterfaceOrientations_iPhone = UIInterfaceOrientationPortrait;
				LD_RUNPATH_SEARCH_PATHS = (
					"$(inherited)",
					"@executable_path/Frameworks",
				);
				MARKETING_VERSION = 1.0;
				PRODUCT_BUNDLE_IDENTIFIER = edu.umich.tojocorm1.ActorCapture;
				PRODUCT_NAME = "$(TARGET_NAME)";
				PROVISIONING_PROFILE_SPECIFIER = "";
				SWIFT_EMIT_LOC_STRINGS = YES;
				SWIFT_VERSION = 5.0;
				TARGETED_DEVICE_FAMILY = 1;
			};
			name = Debug;
		};
		81CCFBEF27DD480F00BF9383 /* Release */ = {
			isa = XCBuildConfiguration;
			baseConfigurationReference = 3CDF83B6009E3910858D0930 /* Pods-ActorCapture.release.xcconfig */;
			buildSettings = {
				ASSETCATALOG_COMPILER_APPICON_NAME = AppIcon;
				ASSETCATALOG_COMPILER_GLOBAL_ACCENT_COLOR_NAME = AccentColor;
				CODE_SIGN_IDENTITY = "Apple Development";
				CODE_SIGN_STYLE = Automatic;
				CURRENT_PROJECT_VERSION = 1;
				DEVELOPMENT_ASSET_PATHS = "\"ActorCapture/Preview Content\"";
				DEVELOPMENT_TEAM = 8DG9KS99YT;
				ENABLE_PREVIEWS = YES;
				GENERATE_INFOPLIST_FILE = YES;
				INFOPLIST_FILE = ActorCapture/Info.plist;
				INFOPLIST_KEY_NSCameraUsageDescription = "ActorCapture wants to use the camera";
				INFOPLIST_KEY_UIApplicationSceneManifest_Generation = YES;
				INFOPLIST_KEY_UIApplicationSupportsIndirectInputEvents = YES;
				INFOPLIST_KEY_UILaunchScreen_Generation = YES;
				INFOPLIST_KEY_UISupportedInterfaceOrientations_iPad = "UIInterfaceOrientationPortrait UIInterfaceOrientationPortraitUpsideDown UIInterfaceOrientationLandscapeLeft UIInterfaceOrientationLandscapeRight";
				INFOPLIST_KEY_UISupportedInterfaceOrientations_iPhone = UIInterfaceOrientationPortrait;
				LD_RUNPATH_SEARCH_PATHS = (
					"$(inherited)",
					"@executable_path/Frameworks",
				);
				MARKETING_VERSION = 1.0;
				PRODUCT_BUNDLE_IDENTIFIER = edu.umich.tojocorm1.ActorCapture;
				PRODUCT_NAME = "$(TARGET_NAME)";
				PROVISIONING_PROFILE_SPECIFIER = "";
				SWIFT_EMIT_LOC_STRINGS = YES;
				SWIFT_VERSION = 5.0;
				TARGETED_DEVICE_FAMILY = 1;
			};
			name = Release;
		};
/* End XCBuildConfiguration section */

/* Begin XCConfigurationList section */
		81CCFBDA27DD480D00BF9383 /* Build configuration list for PBXProject "ActorCapture" */ = {
			isa = XCConfigurationList;
			buildConfigurations = (
				81CCFBEB27DD480F00BF9383 /* Debug */,
				81CCFBEC27DD480F00BF9383 /* Release */,
			);
			defaultConfigurationIsVisible = 0;
			defaultConfigurationName = Release;
		};
		81CCFBED27DD480F00BF9383 /* Build configuration list for PBXNativeTarget "ActorCapture" */ = {
			isa = XCConfigurationList;
			buildConfigurations = (
				81CCFBEE27DD480F00BF9383 /* Debug */,
				81CCFBEF27DD480F00BF9383 /* Release */,
			);
			defaultConfigurationIsVisible = 0;
			defaultConfigurationName = Release;
		};
/* End XCConfigurationList section */
	};
	rootObject = 81CCFBD727DD480D00BF9383 /* Project object */;
}
